Microsoft Visual Studio Solution File, Format Version 12.00
# Visual Studio Version 17
VisualStudioVersion = 17.5.2.0
MinimumVisualStudioVersion = 10.0.40219.1
Project("{FAE04EC0-301F-11D3-BF4B-00C04F79EFBC}") = "rock-paper-scissors-game", "rock-paper-scissors-game.csproj", "{0AD354B5-98A8-45E0-5976-9375F628476E}"
EndProject
Global
	GlobalSection(SolutionConfigurationPlatforms) = preSolution
		Debug|Any CPU = Debug|Any CPU
		Release|Any CPU = Release|Any CPU
	EndGlobalSection
	GlobalSection(ProjectConfigurationPlatforms) = postSolution
		{0AD354B5-98A8-45E0-5976-9375F628476E}.Debug|Any CPU.ActiveCfg = Debug|Any CPU
		{0AD354B5-98A8-45E0-5976-9375F628476E}.Debug|Any CPU.Build.0 = Debug|Any CPU
		{0AD354B5-98A8-45E0-5976-9375F628476E}.Release|Any CPU.ActiveCfg = Release|Any CPU
		{0AD354B5-98A8-45E0-5976-9375F628476E}.Release|Any CPU.Build.0 = Release|Any CPU
	EndGlobalSection
	GlobalSection(SolutionProperties) = preSolution
		HideSolutionNode = FALSE
	EndGlobalSection
	GlobalSection(ExtensibilityGlobals) = postSolution
		SolutionGuid = {ACCD98CE-22BF-45A4-B14D-A4E5E26CB598}
	EndGlobalSection
EndGlobal
